// !$*UTF8*$!
{
	archiveVersion = 1;
	classes = {
	};
	objectVersion = 55;
	objects = {

/* Begin PBXBuildFile section */
		0156B68B27C59D3200A5987C /* AppDelegate.swift in Sources */ = {isa = PBXBuildFile; fileRef = 0156B68A27C59D3200A5987C /* AppDelegate.swift */; };
		0156B68D27C59D3200A5987C /* SceneDelegate.swift in Sources */ = {isa = PBXBuildFile; fileRef = 0156B68C27C59D3200A5987C /* SceneDelegate.swift */; };
		0156B68F27C59D3200A5987C /* ViewController.swift in Sources */ = {isa = PBXBuildFile; fileRef = 0156B68E27C59D3200A5987C /* ViewController.swift */; };
		0156B69227C59D3200A5987C /* Main.storyboard in Resources */ = {isa = PBXBuildFile; fileRef = 0156B69027C59D3200A5987C /* Main.storyboard */; };
		0156B69427C59D3300A5987C /* Assets.xcassets in Resources */ = {isa = PBXBuildFile; fileRef = 0156B69327C59D3300A5987C /* Assets.xcassets */; };
		0156B69727C59D3300A5987C /* LaunchScreen.storyboard in Resources */ = {isa = PBXBuildFile; fileRef = 0156B69527C59D3300A5987C /* LaunchScreen.storyboard */; };
		0156B6A227C59D3300A5987C /* FlixsterTests.swift in Sources */ = {isa = PBXBuildFile; fileRef = 0156B6A127C59D3300A5987C /* FlixsterTests.swift */; };
		0156B6AC27C59D3300A5987C /* FlixsterUITests.swift in Sources */ = {isa = PBXBuildFile; fileRef = 0156B6AB27C59D3300A5987C /* FlixsterUITests.swift */; };
		0156B6AE27C59D3300A5987C /* FlixsterUITestsLaunchTests.swift in Sources */ = {isa = PBXBuildFile; fileRef = 0156B6AD27C59D3300A5987C /* FlixsterUITestsLaunchTests.swift */; };
		0156B6BB27C59E8500A5987C /* MoviesViewController.swift in Sources */ = {isa = PBXBuildFile; fileRef = 0156B6BA27C59E8500A5987C /* MoviesViewController.swift */; };
		0156B6BD27C5A1D600A5987C /* MovieCell.swift in Sources */ = {isa = PBXBuildFile; fileRef = 0156B6BC27C5A1D600A5987C /* MovieCell.swift */; };
		1093C667834A34239A9AF294 /* Pods_FlixsterTests.framework in Frameworks */ = {isa = PBXBuildFile; fileRef = 7697434D438E5D753090FC13 /* Pods_FlixsterTests.framework */; };
		AA298DBD8AB3210ABCF473C3 /* Pods_Flixster.framework in Frameworks */ = {isa = PBXBuildFile; fileRef = 8DF0BE965068C863C3490725 /* Pods_Flixster.framework */; };
		C3D86C16B913FC8E1D459C8D /* Pods_Flixster_FlixsterUITests.framework in Frameworks */ = {isa = PBXBuildFile; fileRef = F52C7E524A374FF32C0A4D7B /* Pods_Flixster_FlixsterUITests.framework */; };
/* End PBXBuildFile section */

/* Begin PBXContainerItemProxy section */
		0156B69E27C59D3300A5987C /* PBXContainerItemProxy */ = {
			isa = PBXContainerItemProxy;
			containerPortal = 0156B67F27C59D3200A5987C /* Project object */;
			proxyType = 1;
			remoteGlobalIDString = 0156B68627C59D3200A5987C;
			remoteInfo = Flixster;
		};
		0156B6A827C59D3300A5987C /* PBXContainerItemProxy */ = {
			isa = PBXContainerItemProxy;
			containerPortal = 0156B67F27C59D3200A5987C /* Project object */;
			proxyType = 1;
			remoteGlobalIDString = 0156B68627C59D3200A5987C;
			remoteInfo = Flixster;
		};
/* End PBXContainerItemProxy section */

/* Begin PBXFileReference section */
		0156B68727C59D3200A5987C /* Flixster.app */ = {isa = PBXFileReference; explicitFileType = wrapper.application; includeInIndex = 0; path = Flixster.app; sourceTree = BUILT_PRODUCTS_DIR; };
		0156B68A27C59D3200A5987C /* AppDelegate.swift */ = {isa = PBXFileReference; lastKnownFileType = sourcecode.swift; path = AppDelegate.swift; sourceTree = "<group>"; };
		0156B68C27C59D3200A5987C /* SceneDelegate.swift */ = {isa = PBXFileReference; lastKnownFileType = sourcecode.swift; path = SceneDelegate.swift; sourceTree = "<group>"; };
		0156B68E27C59D3200A5987C /* ViewController.swift */ = {isa = PBXFileReference; lastKnownFileType = sourcecode.swift; path = ViewController.swift; sourceTree = "<group>"; };
		0156B69127C59D3200A5987C /* Base */ = {isa = PBXFileReference; lastKnownFileType = file.storyboard; name = Base; path = Base.lproj/Main.storyboard; sourceTree = "<group>"; };
		0156B69327C59D3300A5987C /* Assets.xcassets */ = {isa = PBXFileReference; lastKnownFileType = folder.assetcatalog; path = Assets.xcassets; sourceTree = "<group>"; };
		0156B69627C59D3300A5987C /* Base */ = {isa = PBXFileReference; lastKnownFileType = file.storyboard; name = Base; path = Base.lproj/LaunchScreen.storyboard; sourceTree = "<group>"; };
		0156B69827C59D3300A5987C /* Info.plist */ = {isa = PBXFileReference; lastKnownFileType = text.plist.xml; path = Info.plist; sourceTree = "<group>"; };
		0156B69D27C59D3300A5987C /* FlixsterTests.xctest */ = {isa = PBXFileReference; explicitFileType = wrapper.cfbundle; includeInIndex = 0; path = FlixsterTests.xctest; sourceTree = BUILT_PRODUCTS_DIR; };
		0156B6A127C59D3300A5987C /* FlixsterTests.swift */ = {isa = PBXFileReference; lastKnownFileType = sourcecode.swift; path = FlixsterTests.swift; sourceTree = "<group>"; };
		0156B6A727C59D3300A5987C /* FlixsterUITests.xctest */ = {isa = PBXFileReference; explicitFileType = wrapper.cfbundle; includeInIndex = 0; path = FlixsterUITests.xctest; sourceTree = BUILT_PRODUCTS_DIR; };
		0156B6AB27C59D3300A5987C /* FlixsterUITests.swift */ = {isa = PBXFileReference; lastKnownFileType = sourcecode.swift; path = FlixsterUITests.swift; sourceTree = "<group>"; };
		0156B6AD27C59D3300A5987C /* FlixsterUITestsLaunchTests.swift */ = {isa = PBXFileReference; lastKnownFileType = sourcecode.swift; path = FlixsterUITestsLaunchTests.swift; sourceTree = "<group>"; };
		0156B6BA27C59E8500A5987C /* MoviesViewController.swift */ = {isa = PBXFileReference; lastKnownFileType = sourcecode.swift; path = MoviesViewController.swift; sourceTree = "<group>"; };
		0156B6BC27C5A1D600A5987C /* MovieCell.swift */ = {isa = PBXFileReference; lastKnownFileType = sourcecode.swift; path = MovieCell.swift; sourceTree = "<group>"; };
		19BD78D83752241D3129676A /* Pods-FlixsterTests.release.xcconfig */ = {isa = PBXFileReference; includeInIndex = 1; lastKnownFileType = text.xcconfig; name = "Pods-FlixsterTests.release.xcconfig"; path = "Target Support Files/Pods-FlixsterTests/Pods-FlixsterTests.release.xcconfig"; sourceTree = "<group>"; };
		3378354075C43AAC9AD229E8 /* Pods-Flixster-FlixsterUITests.debug.xcconfig */ = {isa = PBXFileReference; includeInIndex = 1; lastKnownFileType = text.xcconfig; name = "Pods-Flixster-FlixsterUITests.debug.xcconfig"; path = "Target Support Files/Pods-Flixster-FlixsterUITests/Pods-Flixster-FlixsterUITests.debug.xcconfig"; sourceTree = "<group>"; };
		4BEFAC47DAFE91038DEFA81D /* Pods-FlixsterTests.debug.xcconfig */ = {isa = PBXFileReference; includeInIndex = 1; lastKnownFileType = text.xcconfig; name = "Pods-FlixsterTests.debug.xcconfig"; path = "Target Support Files/Pods-FlixsterTests/Pods-FlixsterTests.debug.xcconfig"; sourceTree = "<group>"; };
		6CD5D4771654D521EE8434BC /* Pods-Flixster-FlixsterUITests.release.xcconfig */ = {isa = PBXFileReference; includeInIndex = 1; lastKnownFileType = text.xcconfig; name = "Pods-Flixster-FlixsterUITests.release.xcconfig"; path = "Target Support Files/Pods-Flixster-FlixsterUITests/Pods-Flixster-FlixsterUITests.release.xcconfig"; sourceTree = "<group>"; };
		704B1EB0C5B37FCF049C3FC6 /* Pods-Flixster.release.xcconfig */ = {isa = PBXFileReference; includeInIndex = 1; lastKnownFileType = text.xcconfig; name = "Pods-Flixster.release.xcconfig"; path = "Target Support Files/Pods-Flixster/Pods-Flixster.release.xcconfig"; sourceTree = "<group>"; };
		7697434D438E5D753090FC13 /* Pods_FlixsterTests.framework */ = {isa = PBXFileReference; explicitFileType = wrapper.framework; includeInIndex = 0; path = Pods_FlixsterTests.framework; sourceTree = BUILT_PRODUCTS_DIR; };
		8DF0BE965068C863C3490725 /* Pods_Flixster.framework */ = {isa = PBXFileReference; explicitFileType = wrapper.framework; includeInIndex = 0; path = Pods_Flixster.framework; sourceTree = BUILT_PRODUCTS_DIR; };
		F52C7E524A374FF32C0A4D7B /* Pods_Flixster_FlixsterUITests.framework */ = {isa = PBXFileReference; explicitFileType = wrapper.framework; includeInIndex = 0; path = Pods_Flixster_FlixsterUITests.framework; sourceTree = BUILT_PRODUCTS_DIR; };
		F5E4D463D73F42ED2CB0CD20 /* Pods-Flixster.debug.xcconfig */ = {isa = PBXFileReference; includeInIndex = 1; lastKnownFileType = text.xcconfig; name = "Pods-Flixster.debug.xcconfig"; path = "Target Support Files/Pods-Flixster/Pods-Flixster.debug.xcconfig"; sourceTree = "<group>"; };
/* End PBXFileReference section */

/* Begin PBXFrameworksBuildPhase section */
		0156B68427C59D3200A5987C /* Frameworks */ = {
			isa = PBXFrameworksBuildPhase;
			buildActionMask = 2147483647;
			files = (
				AA298DBD8AB3210ABCF473C3 /* Pods_Flixster.framework in Frameworks */,
			);
			runOnlyForDeploymentPostprocessing = 0;
		};
		0156B69A27C59D3300A5987C /* Frameworks */ = {
			isa = PBXFrameworksBuildPhase;
			buildActionMask = 2147483647;
			files = (
				1093C667834A34239A9AF294 /* Pods_FlixsterTests.framework in Frameworks */,
			);
			runOnlyForDeploymentPostprocessing = 0;
		};
		0156B6A427C59D3300A5987C /* Frameworks */ = {
			isa = PBXFrameworksBuildPhase;
			buildActionMask = 2147483647;
			files = (
				C3D86C16B913FC8E1D459C8D /* Pods_Flixster_FlixsterUITests.framework in Frameworks */,
			);
			runOnlyForDeploymentPostprocessing = 0;
		};
/* End PBXFrameworksBuildPhase section */

/* Begin PBXGroup section */
		0156B67E27C59D3200A5987C = {
			isa = PBXGroup;
			children = (
				0156B68927C59D3200A5987C /* Flixster */,
				0156B6A027C59D3300A5987C /* FlixsterTests */,
				0156B6AA27C59D3300A5987C /* FlixsterUITests */,
				0156B68827C59D3200A5987C /* Products */,
				C1DF64C1F262C0D3DA6708A0 /* Pods */,
				EACB06611C6F5CFA1DBF424A /* Frameworks */,
			);
			sourceTree = "<group>";
		};
		0156B68827C59D3200A5987C /* Products */ = {
			isa = PBXGroup;
			children = (
				0156B68727C59D3200A5987C /* Flixster.app */,
				0156B69D27C59D3300A5987C /* FlixsterTests.xctest */,
				0156B6A727C59D3300A5987C /* FlixsterUITests.xctest */,
			);
			name = Products;
			sourceTree = "<group>";
		};
		0156B68927C59D3200A5987C /* Flixster */ = {
			isa = PBXGroup;
			children = (
				0156B68A27C59D3200A5987C /* AppDelegate.swift */,
				0156B68C27C59D3200A5987C /* SceneDelegate.swift */,
				0156B68E27C59D3200A5987C /* ViewController.swift */,
				0156B69027C59D3200A5987C /* Main.storyboard */,
				0156B69327C59D3300A5987C /* Assets.xcassets */,
				0156B69527C59D3300A5987C /* LaunchScreen.storyboard */,
				0156B69827C59D3300A5987C /* Info.plist */,
				0156B6BA27C59E8500A5987C /* MoviesViewController.swift */,
				0156B6BC27C5A1D600A5987C /* MovieCell.swift */,
			);
			path = Flixster;
			sourceTree = "<group>";
		};
		0156B6A027C59D3300A5987C /* FlixsterTests */ = {
			isa = PBXGroup;
			children = (
				0156B6A127C59D3300A5987C /* FlixsterTests.swift */,
			);
			path = FlixsterTests;
			sourceTree = "<group>";
		};
		0156B6AA27C59D3300A5987C /* FlixsterUITests */ = {
			isa = PBXGroup;
			children = (
				0156B6AB27C59D3300A5987C /* FlixsterUITests.swift */,
				0156B6AD27C59D3300A5987C /* FlixsterUITestsLaunchTests.swift */,
			);
			path = FlixsterUITests;
			sourceTree = "<group>";
		};
		C1DF64C1F262C0D3DA6708A0 /* Pods */ = {
			isa = PBXGroup;
			children = (
				F5E4D463D73F42ED2CB0CD20 /* Pods-Flixster.debug.xcconfig */,
				704B1EB0C5B37FCF049C3FC6 /* Pods-Flixster.release.xcconfig */,
				3378354075C43AAC9AD229E8 /* Pods-Flixster-FlixsterUITests.debug.xcconfig */,
				6CD5D4771654D521EE8434BC /* Pods-Flixster-FlixsterUITests.release.xcconfig */,
				4BEFAC47DAFE91038DEFA81D /* Pods-FlixsterTests.debug.xcconfig */,
				19BD78D83752241D3129676A /* Pods-FlixsterTests.release.xcconfig */,
			);
			name = Pods;
			path = Pods;
			sourceTree = "<group>";
		};
		EACB06611C6F5CFA1DBF424A /* Frameworks */ = {
			isa = PBXGroup;
			children = (
				8DF0BE965068C863C3490725 /* Pods_Flixster.framework */,
				F52C7E524A374FF32C0A4D7B /* Pods_Flixster_FlixsterUITests.framework */,
				7697434D438E5D753090FC13 /* Pods_FlixsterTests.framework */,
			);
			name = Frameworks;
			sourceTree = "<group>";
		};
/* End PBXGroup section */

/* Begin PBXNativeTarget section */
		0156B68627C59D3200A5987C /* Flixster */ = {
			isa = PBXNativeTarget;
			buildConfigurationList = 0156B6B127C59D3300A5987C /* Build configuration list for PBXNativeTarget "Flixster" */;
			buildPhases = (
				D088EA4F3DDBDE5B6AAD756E /* [CP] Check Pods Manifest.lock */,
				0156B68327C59D3200A5987C /* Sources */,
				0156B68427C59D3200A5987C /* Frameworks */,
				0156B68527C59D3200A5987C /* Resources */,
				30842A964D840B5CCA43CA25 /* [CP] Embed Pods Frameworks */,
			);
			buildRules = (
			);
			dependencies = (
			);
			name = Flixster;
			productName = Flixster;
			productReference = 0156B68727C59D3200A5987C /* Flixster.app */;
			productType = "com.apple.product-type.application";
		};
		0156B69C27C59D3300A5987C /* FlixsterTests */ = {
			isa = PBXNativeTarget;
			buildConfigurationList = 0156B6B427C59D3300A5987C /* Build configuration list for PBXNativeTarget "FlixsterTests" */;
			buildPhases = (
				7ACD13ED4AF5892CD61E3BD2 /* [CP] Check Pods Manifest.lock */,
				0156B69927C59D3300A5987C /* Sources */,
				0156B69A27C59D3300A5987C /* Frameworks */,
				0156B69B27C59D3300A5987C /* Resources */,
			);
			buildRules = (
			);
			dependencies = (
				0156B69F27C59D3300A5987C /* PBXTargetDependency */,
			);
			name = FlixsterTests;
			productName = FlixsterTests;
			productReference = 0156B69D27C59D3300A5987C /* FlixsterTests.xctest */;
			productType = "com.apple.product-type.bundle.unit-test";
		};
		0156B6A627C59D3300A5987C /* FlixsterUITests */ = {
			isa = PBXNativeTarget;
			buildConfigurationList = 0156B6B727C59D3300A5987C /* Build configuration list for PBXNativeTarget "FlixsterUITests" */;
			buildPhases = (
				38480F953A13954F46F19F12 /* [CP] Check Pods Manifest.lock */,
				0156B6A327C59D3300A5987C /* Sources */,
				0156B6A427C59D3300A5987C /* Frameworks */,
				0156B6A527C59D3300A5987C /* Resources */,
				595DA59D8AF6AF539816D6C8 /* [CP] Embed Pods Frameworks */,
			);
			buildRules = (
			);
			dependencies = (
				0156B6A927C59D3300A5987C /* PBXTargetDependency */,
			);
			name = FlixsterUITests;
			productName = FlixsterUITests;
			productReference = 0156B6A727C59D3300A5987C /* FlixsterUITests.xctest */;
			productType = "com.apple.product-type.bundle.ui-testing";
		};
/* End PBXNativeTarget section */

/* Begin PBXProject section */
		0156B67F27C59D3200A5987C /* Project object */ = {
			isa = PBXProject;
			attributes = {
				BuildIndependentTargetsInParallel = 1;
				LastSwiftUpdateCheck = 1320;
				LastUpgradeCheck = 1320;
				TargetAttributes = {
					0156B68627C59D3200A5987C = {
						CreatedOnToolsVersion = 13.2.1;
					};
					0156B69C27C59D3300A5987C = {
						CreatedOnToolsVersion = 13.2.1;
						TestTargetID = 0156B68627C59D3200A5987C;
					};
					0156B6A627C59D3300A5987C = {
						CreatedOnToolsVersion = 13.2.1;
						TestTargetID = 0156B68627C59D3200A5987C;
					};
				};
			};
			buildConfigurationList = 0156B68227C59D3200A5987C /* Build configuration list for PBXProject "Flixster" */;
			compatibilityVersion = "Xcode 13.0";
			developmentRegion = en;
			hasScannedForEncodings = 0;
			knownRegions = (
				en,
				Base,
			);
			mainGroup = 0156B67E27C59D3200A5987C;
			productRefGroup = 0156B68827C59D3200A5987C /* Products */;
			projectDirPath = "";
			projectRoot = "";
			targets = (
				0156B68627C59D3200A5987C /* Flixster */,
				0156B69C27C59D3300A5987C /* FlixsterTests */,
				0156B6A627C59D3300A5987C /* FlixsterUITests */,
			);
		};
/* End PBXProject section */

/* Begin PBXResourcesBuildPhase section */
		0156B68527C59D3200A5987C /* Resources */ = {
			isa = PBXResourcesBuildPhase;
			buildActionMask = 2147483647;
			files = (
				0156B69727C59D3300A5987C /* LaunchScreen.storyboard in Resources */,
				0156B69427C59D3300A5987C /* Assets.xcassets in Resources */,
				0156B69227C59D3200A5987C /* Main.storyboard in Resources */,
			);
			runOnlyForDeploymentPostprocessing = 0;
		};
		0156B69B27C59D3300A5987C /* Resources */ = {
			isa = PBXResourcesBuildPhase;
			buildActionMask = 2147483647;
			files = (
			);
			runOnlyForDeploymentPostprocessing = 0;
		};
		0156B6A527C59D3300A5987C /* Resources */ = {
			isa = PBXResourcesBuildPhase;
			buildActionMask = 2147483647;
			files = (
			);
			runOnlyForDeploymentPostprocessing = 0;
		};
/* End PBXResourcesBuildPhase section */

/* Begin PBXShellScriptBuildPhase section */
		30842A964D840B5CCA43CA25 /* [CP] Embed Pods Frameworks */ = {
			isa = PBXShellScriptBuildPhase;
			buildActionMask = 2147483647;
			files = (
			);
			inputFileListPaths = (
				"${PODS_ROOT}/Target Support Files/Pods-Flixster/Pods-Flixster-frameworks-${CONFIGURATION}-input-files.xcfilelist",
			);
			name = "[CP] Embed Pods Frameworks";
			outputFileListPaths = (
				"${PODS_ROOT}/Target Support Files/Pods-Flixster/Pods-Flixster-frameworks-${CONFIGURATION}-output-files.xcfilelist",
			);
			runOnlyForDeploymentPostprocessing = 0;
			shellPath = /bin/sh;
			shellScript = "\"${PODS_ROOT}/Target Support Files/Pods-Flixster/Pods-Flixster-frameworks.sh\"\n";
			showEnvVarsInLog = 0;
		};
		38480F953A13954F46F19F12 /* [CP] Check Pods Manifest.lock */ = {
			isa = PBXShellScriptBuildPhase;
			buildActionMask = 2147483647;
			files = (
			);
			inputFileListPaths = (
			);
			inputPaths = (
				"${PODS_PODFILE_DIR_PATH}/Podfile.lock",
				"${PODS_ROOT}/Manifest.lock",
			);
			name = "[CP] Check Pods Manifest.lock";
			outputFileListPaths = (
			);
			outputPaths = (
				"$(DERIVED_FILE_DIR)/Pods-Flixster-FlixsterUITests-checkManifestLockResult.txt",
			);
			runOnlyForDeploymentPostprocessing = 0;
			shellPath = /bin/sh;
			shellScript = "diff \"${PODS_PODFILE_DIR_PATH}/Podfile.lock\" \"${PODS_ROOT}/Manifest.lock\" > /dev/null\nif [ $? != 0 ] ; then\n    # print error to STDERR\n    echo \"error: The sandbox is not in sync with the Podfile.lock. Run 'pod install' or update your CocoaPods installation.\" >&2\n    exit 1\nfi\n# This output is used by Xcode 'outputs' to avoid re-running this script phase.\necho \"SUCCESS\" > \"${SCRIPT_OUTPUT_FILE_0}\"\n";
			showEnvVarsInLog = 0;
		};
		595DA59D8AF6AF539816D6C8 /* [CP] Embed Pods Frameworks */ = {
			isa = PBXShellScriptBuildPhase;
			buildActionMask = 2147483647;
			files = (
			);
			inputFileListPaths = (
				"${PODS_ROOT}/Target Support Files/Pods-Flixster-FlixsterUITests/Pods-Flixster-FlixsterUITests-frameworks-${CONFIGURATION}-input-files.xcfilelist",
			);
			name = "[CP] Embed Pods Frameworks";
			outputFileListPaths = (
				"${PODS_ROOT}/Target Support Files/Pods-Flixster-FlixsterUITests/Pods-Flixster-FlixsterUITests-frameworks-${CONFIGURATION}-output-files.xcfilelist",
			);
			runOnlyForDeploymentPostprocessing = 0;
			shellPath = /bin/sh;
			shellScript = "\"${PODS_ROOT}/Target Support Files/Pods-Flixster-FlixsterUITests/Pods-Flixster-FlixsterUITests-frameworks.sh\"\n";
			showEnvVarsInLog = 0;
		};
		7ACD13ED4AF5892CD61E3BD2 /* [CP] Check Pods Manifest.lock */ = {
			isa = PBXShellScriptBuildPhase;
			buildActionMask = 2147483647;
			files = (
			);
			inputFileListPaths = (
			);
			inputPaths = (
				"${PODS_PODFILE_DIR_PATH}/Podfile.lock",
				"${PODS_ROOT}/Manifest.lock",
			);
			name = "[CP] Check Pods Manifest.lock";
			outputFileListPaths = (
			);
			outputPaths = (
				"$(DERIVED_FILE_DIR)/Pods-FlixsterTests-checkManifestLockResult.txt",
			);
			runOnlyForDeploymentPostprocessing = 0;
			shellPath = /bin/sh;
			shellScript = "diff \"${PODS_PODFILE_DIR_PATH}/Podfile.lock\" \"${PODS_ROOT}/Manifest.lock\" > /dev/null\nif [ $? != 0 ] ; then\n    # print error to STDERR\n    echo \"error: The sandbox is not in sync with the Podfile.lock. Run 'pod install' or update your CocoaPods installation.\" >&2\n    exit 1\nfi\n# This output is used by Xcode 'outputs' to avoid re-running this script phase.\necho \"SUCCESS\" > \"${SCRIPT_OUTPUT_FILE_0}\"\n";
			showEnvVarsInLog = 0;
		};
		D088EA4F3DDBDE5B6AAD756E /* [CP] Check Pods Manifest.lock */ = {
			isa = PBXShellScriptBuildPhase;
			buildActionMask = 2147483647;
			files = (
			);
			inputFileListPaths = (
			);
			inputPaths = (
				"${PODS_PODFILE_DIR_PATH}/Podfile.lock",
				"${PODS_ROOT}/Manifest.lock",
			);
			name = "[CP] Check Pods Manifest.lock";
			outputFileListPaths = (
			);
			outputPaths = (
				"$(DERIVED_FILE_DIR)/Pods-Flixster-checkManifestLockResult.txt",
			);
			runOnlyForDeploymentPostprocessing = 0;
			shellPath = /bin/sh;
			shellScript = "diff \"${PODS_PODFILE_DIR_PATH}/Podfile.lock\" \"${PODS_ROOT}/Manifest.lock\" > /dev/null\nif [ $? != 0 ] ; then\n    # print error to STDERR\n    echo \"error: The sandbox is not in sync with the Podfile.lock. Run 'pod install' or update your CocoaPods installation.\" >&2\n    exit 1\nfi\n# This output is used by Xcode 'outputs' to avoid re-running this script phase.\necho \"SUCCESS\" > \"${SCRIPT_OUTPUT_FILE_0}\"\n";
			showEnvVarsInLog = 0;
		};
/* End PBXShellScriptBuildPhase section */

/* Begin PBXSourcesBuildPhase section */
		0156B68327C59D3200A5987C /* Sources */ = {
			isa = PBXSourcesBuildPhase;
			buildActionMask = 2147483647;
			files = (
				0156B68F27C59D3200A5987C /* ViewController.swift in Sources */,
				0156B68B27C59D3200A5987C /* AppDelegate.swift in Sources */,
				0156B68D27C59D3200A5987C /* SceneDelegate.swift in Sources */,
				0156B6BD27C5A1D600A5987C /* MovieCell.swift in Sources */,
				0156B6BB27C59E8500A5987C /* MoviesViewController.swift in Sources */,
			);
			runOnlyForDeploymentPostprocessing = 0;
		};
		0156B69927C59D3300A5987C /* Sources */ = {
			isa = PBXSourcesBuildPhase;
			buildActionMask = 2147483647;
			files = (
				0156B6A227C59D3300A5987C /* FlixsterTests.swift in Sources */,
			);
			runOnlyForDeploymentPostprocessing = 0;
		};
		0156B6A327C59D3300A5987C /* Sources */ = {
			isa = PBXSourcesBuildPhase;
			buildActionMask = 2147483647;
			files = (
				0156B6AE27C59D3300A5987C /* FlixsterUITestsLaunchTests.swift in Sources */,
				0156B6AC27C59D3300A5987C /* FlixsterUITests.swift in Sources */,
			);
			runOnlyForDeploymentPostprocessing = 0;
		};
/* End PBXSourcesBuildPhase section */

/* Begin PBXTargetDependency section */
		0156B69F27C59D3300A5987C /* PBXTargetDependency */ = {
			isa = PBXTargetDependency;
			target = 0156B68627C59D3200A5987C /* Flixster */;
			targetProxy = 0156B69E27C59D3300A5987C /* PBXContainerItemProxy */;
		};
		0156B6A927C59D3300A5987C /* PBXTargetDependency */ = {
			isa = PBXTargetDependency;
			target = 0156B68627C59D3200A5987C /* Flixster */;
			targetProxy = 0156B6A827C59D3300A5987C /* PBXContainerItemProxy */;
		};
/* End PBXTargetDependency section */

/* Begin PBXVariantGroup section */
		0156B69027C59D3200A5987C /* Main.storyboard */ = {
			isa = PBXVariantGroup;
			children = (
				0156B69127C59D3200A5987C /* Base */,
			);
			name = Main.storyboard;
			sourceTree = "<group>";
		};
		0156B69527C59D3300A5987C /* LaunchScreen.storyboard */ = {
			isa = PBXVariantGroup;
			children = (
				0156B69627C59D3300A5987C /* Base */,
			);
			name = LaunchScreen.storyboard;
			sourceTree = "<group>";
		};
/* End PBXVariantGroup section */

/* Begin XCBuildConfiguration section */
		0156B6AF27C59D3300A5987C /* Debug */ = {
			isa = XCBuildConfiguration;
			buildSettings = {
				ALWAYS_SEARCH_USER_PATHS = NO;
				CLANG_ANALYZER_NONNULL = YES;
				CLANG_ANALYZER_NUMBER_OBJECT_CONVERSION = YES_AGGRESSIVE;
				CLANG_CXX_LANGUAGE_STANDARD = "gnu++17";
				CLANG_CXX_LIBRARY = "libc++";
				CLANG_ENABLE_MODULES = YES;
				CLANG_ENABLE_OBJC_ARC = YES;
				CLANG_ENABLE_OBJC_WEAK = YES;
				CLANG_WARN_BLOCK_CAPTURE_AUTORELEASING = YES;
				CLANG_WARN_BOOL_CONVERSION = YES;
				CLANG_WARN_COMMA = YES;
				CLANG_WARN_CONSTANT_CONVERSION = YES;
				CLANG_WARN_DEPRECATED_OBJC_IMPLEMENTATIONS = YES;
				CLANG_WARN_DIRECT_OBJC_ISA_USAGE = YES_ERROR;
				CLANG_WARN_DOCUMENTATION_COMMENTS = YES;
				CLANG_WARN_EMPTY_BODY = YES;
				CLANG_WARN_ENUM_CONVERSION = YES;
				CLANG_WARN_INFINITE_RECURSION = YES;
				CLANG_WARN_INT_CONVERSION = YES;
				CLANG_WARN_NON_LITERAL_NULL_CONVERSION = YES;
				CLANG_WARN_OBJC_IMPLICIT_RETAIN_SELF = YES;
				CLANG_WARN_OBJC_LITERAL_CONVERSION = YES;
				CLANG_WARN_OBJC_ROOT_CLASS = YES_ERROR;
				CLANG_WARN_QUOTED_INCLUDE_IN_FRAMEWORK_HEADER = YES;
				CLANG_WARN_RANGE_LOOP_ANALYSIS = YES;
				CLANG_WARN_STRICT_PROTOTYPES = YES;
				CLANG_WARN_SUSPICIOUS_MOVE = YES;
				CLANG_WARN_UNGUARDED_AVAILABILITY = YES_AGGRESSIVE;
				CLANG_WARN_UNREACHABLE_CODE = YES;
				CLANG_WARN__DUPLICATE_METHOD_MATCH = YES;
				COPY_PHASE_STRIP = NO;
				DEBUG_INFORMATION_FORMAT = dwarf;
				ENABLE_STRICT_OBJC_MSGSEND = YES;
				ENABLE_TESTABILITY = YES;
				GCC_C_LANGUAGE_STANDARD = gnu11;
				GCC_DYNAMIC_NO_PIC = NO;
				GCC_NO_COMMON_BLOCKS = YES;
				GCC_OPTIMIZATION_LEVEL = 0;
				GCC_PREPROCESSOR_DEFINITIONS = (
					"DEBUG=1",
					"$(inherited)",
				);
				GCC_WARN_64_TO_32_BIT_CONVERSION = YES;
				GCC_WARN_ABOUT_RETURN_TYPE = YES_ERROR;
				GCC_WARN_UNDECLARED_SELECTOR = YES;
				GCC_WARN_UNINITIALIZED_AUTOS = YES_AGGRESSIVE;
				GCC_WARN_UNUSED_FUNCTION = YES;
				GCC_WARN_UNUSED_VARIABLE = YES;
				IPHONEOS_DEPLOYMENT_TARGET = 15.2;
				MTL_ENABLE_DEBUG_INFO = INCLUDE_SOURCE;
				MTL_FAST_MATH = YES;
				ONLY_ACTIVE_ARCH = YES;
				SDKROOT = iphoneos;
				SWIFT_ACTIVE_COMPILATION_CONDITIONS = DEBUG;
				SWIFT_OPTIMIZATION_LEVEL = "-Onone";
			};
			name = Debug;
		};
		0156B6B027C59D3300A5987C /* Release */ = {
			isa = XCBuildConfiguration;
			buildSettings = {
				ALWAYS_SEARCH_USER_PATHS = NO;
				CLANG_ANALYZER_NONNULL = YES;
				CLANG_ANALYZER_NUMBER_OBJECT_CONVERSION = YES_AGGRESSIVE;
				CLANG_CXX_LANGUAGE_STANDARD = "gnu++17";
				CLANG_CXX_LIBRARY = "libc++";
				CLANG_ENABLE_MODULES = YES;
				CLANG_ENABLE_OBJC_ARC = YES;
				CLANG_ENABLE_OBJC_WEAK = YES;
				CLANG_WARN_BLOCK_CAPTURE_AUTORELEASING = YES;
				CLANG_WARN_BOOL_CONVERSION = YES;
				CLANG_WARN_COMMA = YES;
				CLANG_WARN_CONSTANT_CONVERSION = YES;
				CLANG_WARN_DEPRECATED_OBJC_IMPLEMENTATIONS = YES;
				CLANG_WARN_DIRECT_OBJC_ISA_USAGE = YES_ERROR;
				CLANG_WARN_DOCUMENTATION_COMMENTS = YES;
				CLANG_WARN_EMPTY_BODY = YES;
				CLANG_WARN_ENUM_CONVERSION = YES;
				CLANG_WARN_INFINITE_RECURSION = YES;
				CLANG_WARN_INT_CONVERSION = YES;
				CLANG_WARN_NON_LITERAL_NULL_CONVERSION = YES;
				CLANG_WARN_OBJC_IMPLICIT_RETAIN_SELF = YES;
				CLANG_WARN_OBJC_LITERAL_CONVERSION = YES;
				CLANG_WARN_OBJC_ROOT_CLASS = YES_ERROR;
				CLANG_WARN_QUOTED_INCLUDE_IN_FRAMEWORK_HEADER = YES;
				CLANG_WARN_RANGE_LOOP_ANALYSIS = YES;
				CLANG_WARN_STRICT_PROTOTYPES = YES;
				CLANG_WARN_SUSPICIOUS_MOVE = YES;
				CLANG_WARN_UNGUARDED_AVAILABILITY = YES_AGGRESSIVE;
				CLANG_WARN_UNREACHABLE_CODE = YES;
				CLANG_WARN__DUPLICATE_METHOD_MATCH = YES;
				COPY_PHASE_STRIP = NO;
				DEBUG_INFORMATION_FORMAT = "dwarf-with-dsym";
				ENABLE_NS_ASSERTIONS = NO;
				ENABLE_STRICT_OBJC_MSGSEND = YES;
				GCC_C_LANGUAGE_STANDARD = gnu11;
				GCC_NO_COMMON_BLOCKS = YES;
				GCC_WARN_64_TO_32_BIT_CONVERSION = YES;
				GCC_WARN_ABOUT_RETURN_TYPE = YES_ERROR;
				GCC_WARN_UNDECLARED_SELECTOR = YES;
				GCC_WARN_UNINITIALIZED_AUTOS = YES_AGGRESSIVE;
				GCC_WARN_UNUSED_FUNCTION = YES;
				GCC_WARN_UNUSED_VARIABLE = YES;
				IPHONEOS_DEPLOYMENT_TARGET = 15.2;
				MTL_ENABLE_DEBUG_INFO = NO;
				MTL_FAST_MATH = YES;
				SDKROOT = iphoneos;
				SWIFT_COMPILATION_MODE = wholemodule;
				SWIFT_OPTIMIZATION_LEVEL = "-O";
				VALIDATE_PRODUCT = YES;
			};
			name = Release;
		};
		0156B6B227C59D3300A5987C /* Debug */ = {
			isa = XCBuildConfiguration;
			baseConfigurationReference = F5E4D463D73F42ED2CB0CD20 /* Pods-Flixster.debug.xcconfig */;
			buildSettings = {
				ASSETCATALOG_COMPILER_APPICON_NAME = AppIcon;
				ASSETCATALOG_COMPILER_GLOBAL_ACCENT_COLOR_NAME = AccentColor;
				CODE_SIGN_STYLE = Automatic;
				CURRENT_PROJECT_VERSION = 1;
				DEVELOPMENT_TEAM = 96GNZ22N9L;
				GENERATE_INFOPLIST_FILE = YES;
				INFOPLIST_FILE = Flixster/Info.plist;
				INFOPLIST_KEY_UIApplicationSupportsIndirectInputEvents = YES;
				INFOPLIST_KEY_UILaunchStoryboardName = LaunchScreen;
				INFOPLIST_KEY_UIMainStoryboardFile = Main;
				INFOPLIST_KEY_UISupportedInterfaceOrientations_iPad = "UIInterfaceOrientationPortrait UIInterfaceOrientationPortraitUpsideDown UIInterfaceOrientationLandscapeLeft UIInterfaceOrientationLandscapeRight";
				INFOPLIST_KEY_UISupportedInterfaceOrientations_iPhone = "UIInterfaceOrientationPortrait UIInterfaceOrientationLandscapeLeft UIInterfaceOrientationLandscapeRight";
				LD_RUNPATH_SEARCH_PATHS = (
					"$(inherited)",
					"@executable_path/Frameworks",
				);
				MARKETING_VERSION = 1.0;
				PRODUCT_BUNDLE_IDENTIFIER = "com.jcshah98-gmail.Flixster";
				PRODUCT_NAME = "$(TARGET_NAME)";
				SWIFT_EMIT_LOC_STRINGS = YES;
				SWIFT_VERSION = 5.0;
				TARGETED_DEVICE_FAMILY = "1,2";
			};
			name = Debug;
		};
		0156B6B327C59D3300A5987C /* Release */ = {
			isa = XCBuildConfiguration;
			baseConfigurationReference = 704B1EB0C5B37FCF049C3FC6 /* Pods-Flixster.release.xcconfig */;
			buildSettings = {
				ASSETCATALOG_COMPILER_APPICON_NAME = AppIcon;
				ASSETCATALOG_COMPILER_GLOBAL_ACCENT_COLOR_NAME = AccentColor;
				CODE_SIGN_STYLE = Automatic;
				CURRENT_PROJECT_VERSION = 1;
				DEVELOPMENT_TEAM = 96GNZ22N9L;
				GENERATE_INFOPLIST_FILE = YES;
				INFOPLIST_FILE = Flixster/Info.plist;
				INFOPLIST_KEY_UIApplicationSupportsIndirectInputEvents = YES;
				INFOPLIST_KEY_UILaunchStoryboardName = LaunchScreen;
				INFOPLIST_KEY_UIMainStoryboardFile = Main;
				INFOPLIST_KEY_UISupportedInterfaceOrientations_iPad = "UIInterfaceOrientationPortrait UIInterfaceOrientationPortraitUpsideDown UIInterfaceOrientationLandscapeLeft UIInterfaceOrientationLandscapeRight";
				INFOPLIST_KEY_UISupportedInterfaceOrientations_iPhone = "UIInterfaceOrientationPortrait UIInterfaceOrientationLandscapeLeft UIInterfaceOrientationLandscapeRight";
				LD_RUNPATH_SEARCH_PATHS = (
					"$(inherited)",
					"@executable_path/Frameworks",
				);
				MARKETING_VERSION = 1.0;
				PRODUCT_BUNDLE_IDENTIFIER = "com.jcshah98-gmail.Flixster";
				PRODUCT_NAME = "$(TARGET_NAME)";
				SWIFT_EMIT_LOC_STRINGS = YES;
				SWIFT_VERSION = 5.0;
				TARGETED_DEVICE_FAMILY = "1,2";
			};
			name = Release;
		};
		0156B6B527C59D3300A5987C /* Debug */ = {
			isa = XCBuildConfiguration;
			baseConfigurationReference = 4BEFAC47DAFE91038DEFA81D /* Pods-FlixsterTests.debug.xcconfig */;
			buildSettings = {
				ALWAYS_EMBED_SWIFT_STANDARD_LIBRARIES = YES;
				BUNDLE_LOADER = "$(TEST_HOST)";
				CODE_SIGN_STYLE = Automatic;
				CURRENT_PROJECT_VERSION = 1;
				DEVELOPMENT_TEAM = 96GNZ22N9L;
				GENERATE_INFOPLIST_FILE = YES;
				IPHONEOS_DEPLOYMENT_TARGET = 15.2;
				MARKETING_VERSION = 1.0;
				PRODUCT_BUNDLE_IDENTIFIER = "com.jcshah98-gmail.FlixsterTests";
				PRODUCT_NAME = "$(TARGET_NAME)";
				SWIFT_EMIT_LOC_STRINGS = NO;
				SWIFT_VERSION = 5.0;
				TARGETED_DEVICE_FAMILY = "1,2";
				TEST_HOST = "$(BUILT_PRODUCTS_DIR)/Flixster.app/Flixster";
			};
			name = Debug;
		};
		0156B6B627C59D3300A5987C /* Release */ = {
			isa = XCBuildConfiguration;
			baseConfigurationReference = 19BD78D83752241D3129676A /* Pods-FlixsterTests.release.xcconfig */;
			buildSettings = {
				ALWAYS_EMBED_SWIFT_STANDARD_LIBRARIES = YES;
				BUNDLE_LOADER = "$(TEST_HOST)";
				CODE_SIGN_STYLE = Automatic;
				CURRENT_PROJECT_VERSION = 1;
				DEVELOPMENT_TEAM = 96GNZ22N9L;
				GENERATE_INFOPLIST_FILE = YES;
				IPHONEOS_DEPLOYMENT_TARGET = 15.2;
				MARKETING_VERSION = 1.0;
				PRODUCT_BUNDLE_IDENTIFIER = "com.jcshah98-gmail.FlixsterTests";
				PRODUCT_NAME = "$(TARGET_NAME)";
				SWIFT_EMIT_LOC_STRINGS = NO;
				SWIFT_VERSION = 5.0;
				TARGETED_DEVICE_FAMILY = "1,2";
				TEST_HOST = "$(BUILT_PRODUCTS_DIR)/Flixster.app/Flixster";
			};
			name = Release;
		};
		0156B6B827C59D3300A5987C /* Debug */ = {
			isa = XCBuildConfiguration;
			baseConfigurationReference = 3378354075C43AAC9AD229E8 /* Pods-Flixster-FlixsterUITests.debug.xcconfig */;
			buildSettings = {
				ALWAYS_EMBED_SWIFT_STANDARD_LIBRARIES = YES;
				CODE_SIGN_STYLE = Automatic;
				CURRENT_PROJECT_VERSION = 1;
				DEVELOPMENT_TEAM = 96GNZ22N9L;
				GENERATE_INFOPLIST_FILE = YES;
				MARKETING_VERSION = 1.0;
				PRODUCT_BUNDLE_IDENTIFIER = "com.jcshah98-gmail.FlixsterUITests";
				PRODUCT_NAME = "$(TARGET_NAME)";
				SWIFT_EMIT_LOC_STRINGS = NO;
				SWIFT_VERSION = 5.0;
				TARGETED_DEVICE_FAMILY = "1,2";
				TEST_TARGET_NAME = Flixster;
			};
			name = Debug;
		};
		0156B6B927C59D3300A5987C /* Release */ = {
			isa = XCBuildConfiguration;
			baseConfigurationReference = 6CD5D4771654D521EE8434BC /* Pods-Flixster-FlixsterUITests.release.xcconfig */;
			buildSettings = {
				ALWAYS_EMBED_SWIFT_STANDARD_LIBRARIES = YES;
				CODE_SIGN_STYLE = Automatic;
				CURRENT_PROJECT_VERSION = 1;
				DEVELOPMENT_TEAM = 96GNZ22N9L;
				GENERATE_INFOPLIST_FILE = YES;
				MARKETING_VERSION = 1.0;
				PRODUCT_BUNDLE_IDENTIFIER = "com.jcshah98-gmail.FlixsterUITests";
				PRODUCT_NAME = "$(TARGET_NAME)";
				SWIFT_EMIT_LOC_STRINGS = NO;
				SWIFT_VERSION = 5.0;
				TARGETED_DEVICE_FAMILY = "1,2";
				TEST_TARGET_NAME = Flixster;
			};
			name = Release;
		};
/* End XCBuildConfiguration section */

/* Begin XCConfigurationList section */
		0156B68227C59D3200A5987C /* Build configuration list for PBXProject "Flixster" */ = {
			isa = XCConfigurationList;
			buildConfigurations = (
				0156B6AF27C59D3300A5987C /* Debug */,
				0156B6B027C59D3300A5987C /* Release */,
			);
			defaultConfigurationIsVisible = 0;
			defaultConfigurationName = Release;
		};
		0156B6B127C59D3300A5987C /* Build configuration list for PBXNativeTarget "Flixster" */ = {
			isa = XCConfigurationList;
			buildConfigurations = (
				0156B6B227C59D3300A5987C /* Debug */,
				0156B6B327C59D3300A5987C /* Release */,
			);
			defaultConfigurationIsVisible = 0;
			defaultConfigurationName = Release;
		};
		0156B6B427C59D3300A5987C /* Build configuration list for PBXNativeTarget "FlixsterTests" */ = {
			isa = XCConfigurationList;
			buildConfigurations = (
				0156B6B527C59D3300A5987C /* Debug */,
				0156B6B627C59D3300A5987C /* Release */,
			);
			defaultConfigurationIsVisible = 0;
			defaultConfigurationName = Release;
		};
		0156B6B727C59D3300A5987C /* Build configuration list for PBXNativeTarget "FlixsterUITests" */ = {
			isa = XCConfigurationList;
			buildConfigurations = (
				0156B6B827C59D3300A5987C /* Debug */,
				0156B6B927C59D3300A5987C /* Release */,
			);
			defaultConfigurationIsVisible = 0;
			defaultConfigurationName = Release;
		};
/* End XCConfigurationList section */
	};
	rootObject = 0156B67F27C59D3200A5987C /* Project object */;
}
